// !$*UTF8*$!
{
	archiveVersion = 1;
	classes = {
	};
	objectVersion = 46;
	objects = {

/* Begin PBXBuildFile section */
		1129CC2D1CE5FD8C004B859F /* CustomButton.swift in Sources */ = {isa = PBXBuildFile; fileRef = 1129CC2C1CE5FD8C004B859F /* CustomButton.swift */; };
		113A01AD1CF3361A00D61B0D /* Trophy.swift in Sources */ = {isa = PBXBuildFile; fileRef = 113A01A91CF3361A00D61B0D /* Trophy.swift */; };
		113A01AE1CF3361A00D61B0D /* TrophyManaged.swift in Sources */ = {isa = PBXBuildFile; fileRef = 113A01AA1CF3361A00D61B0D /* TrophyManaged.swift */; };
		113A01B81CF3381F00D61B0D /* GameConfigurator.swift in Sources */ = {isa = PBXBuildFile; fileRef = 113A01B11CF3381F00D61B0D /* GameConfigurator.swift */; };
		113A01B91CF3381F00D61B0D /* GameInteractor.swift in Sources */ = {isa = PBXBuildFile; fileRef = 113A01B21CF3381F00D61B0D /* GameInteractor.swift */; };
		113A01BA1CF3381F00D61B0D /* GameModels.swift in Sources */ = {isa = PBXBuildFile; fileRef = 113A01B31CF3381F00D61B0D /* GameModels.swift */; };
		113A01BB1CF3381F00D61B0D /* GamePresenter.swift in Sources */ = {isa = PBXBuildFile; fileRef = 113A01B41CF3381F00D61B0D /* GamePresenter.swift */; };
		113A01BC1CF3381F00D61B0D /* GameRouter.swift in Sources */ = {isa = PBXBuildFile; fileRef = 113A01B51CF3381F00D61B0D /* GameRouter.swift */; };
		113A01BD1CF3381F00D61B0D /* GameViewController.swift in Sources */ = {isa = PBXBuildFile; fileRef = 113A01B61CF3381F00D61B0D /* GameViewController.swift */; };
		113A01BE1CF3381F00D61B0D /* GameWorker.swift in Sources */ = {isa = PBXBuildFile; fileRef = 113A01B71CF3381F00D61B0D /* GameWorker.swift */; };
		113A01C01CF3460A00D61B0D /* Question.swift in Sources */ = {isa = PBXBuildFile; fileRef = 113A01BF1CF3460A00D61B0D /* Question.swift */; };
		113A01C21CF3461A00D61B0D /* Answer.swift in Sources */ = {isa = PBXBuildFile; fileRef = 113A01C11CF3461A00D61B0D /* Answer.swift */; };
		113BBB0A1CF49BA900E75280 /* GameScoreWorker.swift in Sources */ = {isa = PBXBuildFile; fileRef = 113BBB091CF49BA900E75280 /* GameScoreWorker.swift */; };
		11473AD81CF32DEA00842975 /* SelectPlayerViewController.swift in Sources */ = {isa = PBXBuildFile; fileRef = 11473AD71CF32DEA00842975 /* SelectPlayerViewController.swift */; };
		11473ADA1CF32E3700842975 /* TrophyViewController.swift in Sources */ = {isa = PBXBuildFile; fileRef = 11473AD91CF32E3700842975 /* TrophyViewController.swift */; };
		11473ADC1CF32E5800842975 /* ModelManager.swift in Sources */ = {isa = PBXBuildFile; fileRef = 11473ADB1CF32E5800842975 /* ModelManager.swift */; };
		1192EB9E1CE9FB1800A3C7BA /* CloudKit.framework in Frameworks */ = {isa = PBXBuildFile; fileRef = 1192EB9D1CE9FB1800A3C7BA /* CloudKit.framework */; };
		5E098F2B1CE3592E00F939A5 /* AppDelegate.swift in Sources */ = {isa = PBXBuildFile; fileRef = 5E098F2A1CE3592E00F939A5 /* AppDelegate.swift */; };
		5E098F2D1CE3592E00F939A5 /* MainViewController.swift in Sources */ = {isa = PBXBuildFile; fileRef = 5E098F2C1CE3592E00F939A5 /* MainViewController.swift */; };
		5E098F301CE3592E00F939A5 /* GameShowApp.xcdatamodeld in Sources */ = {isa = PBXBuildFile; fileRef = 5E098F2E1CE3592E00F939A5 /* GameShowApp.xcdatamodeld */; };
		5E098F331CE3592E00F939A5 /* Main.storyboard in Resources */ = {isa = PBXBuildFile; fileRef = 5E098F311CE3592E00F939A5 /* Main.storyboard */; };
		5E098F351CE3592E00F939A5 /* Assets.xcassets in Resources */ = {isa = PBXBuildFile; fileRef = 5E098F341CE3592E00F939A5 /* Assets.xcassets */; };
		EC97DE051CF47FC200C4F63F /* ChooseUsernameViewController.swift in Sources */ = {isa = PBXBuildFile; fileRef = EC97DE041CF47FC200C4F63F /* ChooseUsernameViewController.swift */; };
/* End PBXBuildFile section */

/* Begin PBXFileReference section */
		1129CC2C1CE5FD8C004B859F /* CustomButton.swift */ = {isa = PBXFileReference; fileEncoding = 4; lastKnownFileType = sourcecode.swift; path = CustomButton.swift; sourceTree = "<group>"; };
		113A01A91CF3361A00D61B0D /* Trophy.swift */ = {isa = PBXFileReference; fileEncoding = 4; lastKnownFileType = sourcecode.swift; name = Trophy.swift; path = ../Trophy.swift; sourceTree = "<group>"; };
		113A01AA1CF3361A00D61B0D /* TrophyManaged.swift */ = {isa = PBXFileReference; fileEncoding = 4; lastKnownFileType = sourcecode.swift; name = TrophyManaged.swift; path = ../TrophyManaged.swift; sourceTree = "<group>"; };
		113A01B11CF3381F00D61B0D /* GameConfigurator.swift */ = {isa = PBXFileReference; fileEncoding = 4; lastKnownFileType = sourcecode.swift; path = GameConfigurator.swift; sourceTree = "<group>"; };
		113A01B21CF3381F00D61B0D /* GameInteractor.swift */ = {isa = PBXFileReference; fileEncoding = 4; lastKnownFileType = sourcecode.swift; path = GameInteractor.swift; sourceTree = "<group>"; };
		113A01B31CF3381F00D61B0D /* GameModels.swift */ = {isa = PBXFileReference; fileEncoding = 4; lastKnownFileType = sourcecode.swift; path = GameModels.swift; sourceTree = "<group>"; };
		113A01B41CF3381F00D61B0D /* GamePresenter.swift */ = {isa = PBXFileReference; fileEncoding = 4; lastKnownFileType = sourcecode.swift; path = GamePresenter.swift; sourceTree = "<group>"; };
		113A01B51CF3381F00D61B0D /* GameRouter.swift */ = {isa = PBXFileReference; fileEncoding = 4; lastKnownFileType = sourcecode.swift; path = GameRouter.swift; sourceTree = "<group>"; };
		113A01B61CF3381F00D61B0D /* GameViewController.swift */ = {isa = PBXFileReference; fileEncoding = 4; lastKnownFileType = sourcecode.swift; path = GameViewController.swift; sourceTree = "<group>"; };
		113A01B71CF3381F00D61B0D /* GameWorker.swift */ = {isa = PBXFileReference; fileEncoding = 4; lastKnownFileType = sourcecode.swift; path = GameWorker.swift; sourceTree = "<group>"; };
		113A01BF1CF3460A00D61B0D /* Question.swift */ = {isa = PBXFileReference; fileEncoding = 4; lastKnownFileType = sourcecode.swift; path = Question.swift; sourceTree = "<group>"; };
		113A01C11CF3461A00D61B0D /* Answer.swift */ = {isa = PBXFileReference; fileEncoding = 4; lastKnownFileType = sourcecode.swift; path = Answer.swift; sourceTree = "<group>"; };
		113BBB091CF49BA900E75280 /* GameScoreWorker.swift */ = {isa = PBXFileReference; fileEncoding = 4; lastKnownFileType = sourcecode.swift; path = GameScoreWorker.swift; sourceTree = "<group>"; };
		11473AD71CF32DEA00842975 /* SelectPlayerViewController.swift */ = {isa = PBXFileReference; fileEncoding = 4; lastKnownFileType = sourcecode.swift; path = SelectPlayerViewController.swift; sourceTree = "<group>"; };
		11473AD91CF32E3700842975 /* TrophyViewController.swift */ = {isa = PBXFileReference; fileEncoding = 4; lastKnownFileType = sourcecode.swift; path = TrophyViewController.swift; sourceTree = "<group>"; };
		11473ADB1CF32E5800842975 /* ModelManager.swift */ = {isa = PBXFileReference; fileEncoding = 4; lastKnownFileType = sourcecode.swift; path = ModelManager.swift; sourceTree = "<group>"; };
		1192EB9C1CE9FB1200A3C7BA /* GameShowApp.entitlements */ = {isa = PBXFileReference; lastKnownFileType = text.xml; path = GameShowApp.entitlements; sourceTree = "<group>"; };
		1192EB9D1CE9FB1800A3C7BA /* CloudKit.framework */ = {isa = PBXFileReference; lastKnownFileType = wrapper.framework; name = CloudKit.framework; path = System/Library/Frameworks/CloudKit.framework; sourceTree = SDKROOT; };
		5E098F271CE3592E00F939A5 /* GameShowApp.app */ = {isa = PBXFileReference; explicitFileType = wrapper.application; includeInIndex = 0; path = GameShowApp.app; sourceTree = BUILT_PRODUCTS_DIR; };
		5E098F2A1CE3592E00F939A5 /* AppDelegate.swift */ = {isa = PBXFileReference; lastKnownFileType = sourcecode.swift; path = AppDelegate.swift; sourceTree = "<group>"; };
		5E098F2C1CE3592E00F939A5 /* MainViewController.swift */ = {isa = PBXFileReference; lastKnownFileType = sourcecode.swift; path = MainViewController.swift; sourceTree = "<group>"; };
		5E098F2F1CE3592E00F939A5 /* GameShowApp.xcdatamodel */ = {isa = PBXFileReference; lastKnownFileType = wrapper.xcdatamodel; path = GameShowApp.xcdatamodel; sourceTree = "<group>"; };
		5E098F321CE3592E00F939A5 /* Base */ = {isa = PBXFileReference; lastKnownFileType = file.storyboard; name = Base; path = Base.lproj/Main.storyboard; sourceTree = "<group>"; };
		5E098F341CE3592E00F939A5 /* Assets.xcassets */ = {isa = PBXFileReference; lastKnownFileType = folder.assetcatalog; path = Assets.xcassets; sourceTree = "<group>"; };
		5E098F361CE3592E00F939A5 /* Info.plist */ = {isa = PBXFileReference; lastKnownFileType = text.plist.xml; path = Info.plist; sourceTree = "<group>"; };
		EC97DE041CF47FC200C4F63F /* ChooseUsernameViewController.swift */ = {isa = PBXFileReference; fileEncoding = 4; lastKnownFileType = sourcecode.swift; path = ChooseUsernameViewController.swift; sourceTree = "<group>"; };
/* End PBXFileReference section */

/* Begin PBXFrameworksBuildPhase section */
		5E098F241CE3592E00F939A5 /* Frameworks */ = {
			isa = PBXFrameworksBuildPhase;
			buildActionMask = 2147483647;
			files = (
				1192EB9E1CE9FB1800A3C7BA /* CloudKit.framework in Frameworks */,
			);
			runOnlyForDeploymentPostprocessing = 0;
		};
/* End PBXFrameworksBuildPhase section */

/* Begin PBXGroup section */
		113A01A61CF3309200D61B0D /* ModelManager */ = {
			isa = PBXGroup;
			children = (
				11473ADB1CF32E5800842975 /* ModelManager.swift */,
			);
			name = ModelManager;
			sourceTree = "<group>";
		};
		113A01AF1CF3365A00D61B0D /* CoreData */ = {
			isa = PBXGroup;
			children = (
				5E098F2E1CE3592E00F939A5 /* GameShowApp.xcdatamodeld */,
				113A01A91CF3361A00D61B0D /* Trophy.swift */,
				113A01AA1CF3361A00D61B0D /* TrophyManaged.swift */,
				5ED20DF41CF484B600A77BE3 /* TrophyManager.swift */,
			);
			name = CoreData;
			sourceTree = "<group>";
		};
		11473AD61CF32CF400842975 /* Game */ = {
			isa = PBXGroup;
			children = (
				113A01B11CF3381F00D61B0D /* GameConfigurator.swift */,
				113A01B21CF3381F00D61B0D /* GameInteractor.swift */,
				113A01B31CF3381F00D61B0D /* GameModels.swift */,
				113A01B41CF3381F00D61B0D /* GamePresenter.swift */,
				113A01B51CF3381F00D61B0D /* GameRouter.swift */,
				113A01B61CF3381F00D61B0D /* GameViewController.swift */,
				113A01B71CF3381F00D61B0D /* GameWorker.swift */,
				113BBB091CF49BA900E75280 /* GameScoreWorker.swift */,
			);
			name = Game;
			sourceTree = "<group>";
		};
		5E098F1E1CE3592E00F939A5 = {
			isa = PBXGroup;
			children = (
				1192EB9D1CE9FB1800A3C7BA /* CloudKit.framework */,
				5E098F291CE3592E00F939A5 /* GameShowApp */,
				5E098F281CE3592E00F939A5 /* Products */,
			);
			sourceTree = "<group>";
		};
		5E098F281CE3592E00F939A5 /* Products */ = {
			isa = PBXGroup;
			children = (
				5E098F271CE3592E00F939A5 /* GameShowApp.app */,
			);
			name = Products;
			sourceTree = "<group>";
		};
		5E098F291CE3592E00F939A5 /* GameShowApp */ = {
			isa = PBXGroup;
			children = (
				113A01AF1CF3365A00D61B0D /* CoreData */,
				113A01A61CF3309200D61B0D /* ModelManager */,
				11473AD61CF32CF400842975 /* Game */,
				1192EB9C1CE9FB1200A3C7BA /* GameShowApp.entitlements */,
				5E098F2A1CE3592E00F939A5 /* AppDelegate.swift */,
				5E098F2C1CE3592E00F939A5 /* MainViewController.swift */,
				1129CC2C1CE5FD8C004B859F /* CustomButton.swift */,
				5E098F311CE3592E00F939A5 /* Main.storyboard */,
				EC97DE041CF47FC200C4F63F /* ChooseUsernameViewController.swift */,
				11473AD91CF32E3700842975 /* TrophyViewController.swift */,
				11473AD71CF32DEA00842975 /* SelectPlayerViewController.swift */,
				5E098F341CE3592E00F939A5 /* Assets.xcassets */,
				5E098F361CE3592E00F939A5 /* Info.plist */,
				113A01BF1CF3460A00D61B0D /* Question.swift */,
				113A01C11CF3461A00D61B0D /* Answer.swift */,
			);
			path = GameShowApp;
			sourceTree = "<group>";
		};
/* End PBXGroup section */

/* Begin PBXNativeTarget section */
		5E098F261CE3592E00F939A5 /* GameShowApp */ = {
			isa = PBXNativeTarget;
			buildConfigurationList = 5E098F391CE3592E00F939A5 /* Build configuration list for PBXNativeTarget "GameShowApp" */;
			buildPhases = (
				5E098F231CE3592E00F939A5 /* Sources */,
				5E098F241CE3592E00F939A5 /* Frameworks */,
				5E098F251CE3592E00F939A5 /* Resources */,
			);
			buildRules = (
			);
			dependencies = (
			);
			name = GameShowApp;
			productName = GameShowApp;
			productReference = 5E098F271CE3592E00F939A5 /* GameShowApp.app */;
			productType = "com.apple.product-type.application";
		};
/* End PBXNativeTarget section */

/* Begin PBXProject section */
		5E098F1F1CE3592E00F939A5 /* Project object */ = {
			isa = PBXProject;
			attributes = {
				LastSwiftUpdateCheck = 0730;
				LastUpgradeCheck = 0730;
				ORGANIZATIONNAME = "Gabriel Alberto";
				TargetAttributes = {
					5E098F261CE3592E00F939A5 = {
						CreatedOnToolsVersion = 7.3.1;
						DevelopmentTeam = 4RLR8FUC4X;
						SystemCapabilities = {
							com.apple.iCloud = {
								enabled = 1;
							};
						};
					};
				};
			};
			buildConfigurationList = 5E098F221CE3592E00F939A5 /* Build configuration list for PBXProject "GameShowApp" */;
			compatibilityVersion = "Xcode 3.2";
			developmentRegion = English;
			hasScannedForEncodings = 0;
			knownRegions = (
				en,
				Base,
			);
			mainGroup = 5E098F1E1CE3592E00F939A5;
			productRefGroup = 5E098F281CE3592E00F939A5 /* Products */;
			projectDirPath = "";
			projectRoot = "";
			targets = (
				5E098F261CE3592E00F939A5 /* GameShowApp */,
			);
		};
/* End PBXProject section */

/* Begin PBXResourcesBuildPhase section */
		5E098F251CE3592E00F939A5 /* Resources */ = {
			isa = PBXResourcesBuildPhase;
			buildActionMask = 2147483647;
			files = (
				5E098F351CE3592E00F939A5 /* Assets.xcassets in Resources */,
				5E098F331CE3592E00F939A5 /* Main.storyboard in Resources */,
			);
			runOnlyForDeploymentPostprocessing = 0;
		};
/* End PBXResourcesBuildPhase section */

/* Begin PBXSourcesBuildPhase section */
		5E098F231CE3592E00F939A5 /* Sources */ = {
			isa = PBXSourcesBuildPhase;
			buildActionMask = 2147483647;
			files = (
				1129CC2D1CE5FD8C004B859F /* CustomButton.swift in Sources */,
				113A01AD1CF3361A00D61B0D /* Trophy.swift in Sources */,
				113A01B81CF3381F00D61B0D /* GameConfigurator.swift in Sources */,
				113A01C21CF3461A00D61B0D /* Answer.swift in Sources */,
				113A01C01CF3460A00D61B0D /* Question.swift in Sources */,
				113A01B91CF3381F00D61B0D /* GameInteractor.swift in Sources */,
				11473ADC1CF32E5800842975 /* ModelManager.swift in Sources */,
				113A01BD1CF3381F00D61B0D /* GameViewController.swift in Sources */,
				113A01BC1CF3381F00D61B0D /* GameRouter.swift in Sources */,
				5E098F301CE3592E00F939A5 /* GameShowApp.xcdatamodeld in Sources */,
				113A01BE1CF3381F00D61B0D /* GameWorker.swift in Sources */,
				5E098F2D1CE3592E00F939A5 /* MainViewController.swift in Sources */,
				113A01BB1CF3381F00D61B0D /* GamePresenter.swift in Sources */,
				11473AD81CF32DEA00842975 /* SelectPlayerViewController.swift in Sources */,
				EC97DE051CF47FC200C4F63F /* ChooseUsernameViewController.swift in Sources */,
				5E098F2B1CE3592E00F939A5 /* AppDelegate.swift in Sources */,
				113A01BA1CF3381F00D61B0D /* GameModels.swift in Sources */,
				113BBB0A1CF49BA900E75280 /* GameScoreWorker.swift in Sources */,
				11473ADA1CF32E3700842975 /* TrophyViewController.swift in Sources */,
				5ED20DF51CF484B600A77BE3 /* TrophyManager.swift in Sources */,
				113A01AE1CF3361A00D61B0D /* TrophyManaged.swift in Sources */,
			);
			runOnlyForDeploymentPostprocessing = 0;
		};
/* End PBXSourcesBuildPhase section */

/* Begin PBXVariantGroup section */
		5E098F311CE3592E00F939A5 /* Main.storyboard */ = {
			isa = PBXVariantGroup;
			children = (
				5E098F321CE3592E00F939A5 /* Base */,
			);
			name = Main.storyboard;
			sourceTree = "<group>";
		};
/* End PBXVariantGroup section */

/* Begin XCBuildConfiguration section */
		5E098F371CE3592E00F939A5 /* Debug */ = {
			isa = XCBuildConfiguration;
			buildSettings = {
				ALWAYS_SEARCH_USER_PATHS = NO;
				CLANG_ANALYZER_NONNULL = YES;
				CLANG_CXX_LANGUAGE_STANDARD = "gnu++0x";
				CLANG_CXX_LIBRARY = "libc++";
				CLANG_ENABLE_MODULES = YES;
				CLANG_ENABLE_OBJC_ARC = YES;
				CLANG_WARN_BOOL_CONVERSION = YES;
				CLANG_WARN_CONSTANT_CONVERSION = YES;
				CLANG_WARN_DIRECT_OBJC_ISA_USAGE = YES_ERROR;
				CLANG_WARN_EMPTY_BODY = YES;
				CLANG_WARN_ENUM_CONVERSION = YES;
				CLANG_WARN_INT_CONVERSION = YES;
				CLANG_WARN_OBJC_ROOT_CLASS = YES_ERROR;
				CLANG_WARN_UNREACHABLE_CODE = YES;
				CLANG_WARN__DUPLICATE_METHOD_MATCH = YES;
				COPY_PHASE_STRIP = NO;
				DEBUG_INFORMATION_FORMAT = dwarf;
				DEFINES_MODULE = YES;
				ENABLE_STRICT_OBJC_MSGSEND = YES;
				ENABLE_TESTABILITY = YES;
				GCC_C_LANGUAGE_STANDARD = gnu99;
				GCC_DYNAMIC_NO_PIC = NO;
				GCC_NO_COMMON_BLOCKS = YES;
				GCC_OPTIMIZATION_LEVEL = 0;
				GCC_PREPROCESSOR_DEFINITIONS = (
					"DEBUG=1",
					"$(inherited)",
				);
				GCC_WARN_64_TO_32_BIT_CONVERSION = YES;
				GCC_WARN_ABOUT_RETURN_TYPE = YES_ERROR;
				GCC_WARN_UNDECLARED_SELECTOR = YES;
				GCC_WARN_UNINITIALIZED_AUTOS = YES_AGGRESSIVE;
				GCC_WARN_UNUSED_FUNCTION = YES;
				GCC_WARN_UNUSED_VARIABLE = YES;
				MTL_ENABLE_DEBUG_INFO = YES;
				ONLY_ACTIVE_ARCH = YES;
				SDKROOT = appletvos;
				SWIFT_OPTIMIZATION_LEVEL = "-Onone";
				TARGETED_DEVICE_FAMILY = 3;
				TVOS_DEPLOYMENT_TARGET = 9.2;
			};
			name = Debug;
		};
		5E098F381CE3592E00F939A5 /* Release */ = {
			isa = XCBuildConfiguration;
			buildSettings = {
				ALWAYS_SEARCH_USER_PATHS = NO;
				CLANG_ANALYZER_NONNULL = YES;
				CLANG_CXX_LANGUAGE_STANDARD = "gnu++0x";
				CLANG_CXX_LIBRARY = "libc++";
				CLANG_ENABLE_MODULES = YES;
				CLANG_ENABLE_OBJC_ARC = YES;
				CLANG_WARN_BOOL_CONVERSION = YES;
				CLANG_WARN_CONSTANT_CONVERSION = YES;
				CLANG_WARN_DIRECT_OBJC_ISA_USAGE = YES_ERROR;
				CLANG_WARN_EMPTY_BODY = YES;
				CLANG_WARN_ENUM_CONVERSION = YES;
				CLANG_WARN_INT_CONVERSION = YES;
				CLANG_WARN_OBJC_ROOT_CLASS = YES_ERROR;
				CLANG_WARN_UNREACHABLE_CODE = YES;
				CLANG_WARN__DUPLICATE_METHOD_MATCH = YES;
				COPY_PHASE_STRIP = NO;
				DEBUG_INFORMATION_FORMAT = "dwarf-with-dsym";
				DEFINES_MODULE = YES;
				ENABLE_NS_ASSERTIONS = NO;
				ENABLE_STRICT_OBJC_MSGSEND = YES;
				GCC_C_LANGUAGE_STANDARD = gnu99;
				GCC_NO_COMMON_BLOCKS = YES;
				GCC_WARN_64_TO_32_BIT_CONVERSION = YES;
				GCC_WARN_ABOUT_RETURN_TYPE = YES_ERROR;
				GCC_WARN_UNDECLARED_SELECTOR = YES;
				GCC_WARN_UNINITIALIZED_AUTOS = YES_AGGRESSIVE;
				GCC_WARN_UNUSED_FUNCTION = YES;
				GCC_WARN_UNUSED_VARIABLE = YES;
				MTL_ENABLE_DEBUG_INFO = NO;
				SDKROOT = appletvos;
				TARGETED_DEVICE_FAMILY = 3;
				TVOS_DEPLOYMENT_TARGET = 9.2;
				VALIDATE_PRODUCT = YES;
			};
			name = Release;
		};
		5E098F3A1CE3592E00F939A5 /* Debug */ = {
			isa = XCBuildConfiguration;
			buildSettings = {
				ASSETCATALOG_COMPILER_APPICON_NAME = "App Icon & Top Shelf Image";
				ASSETCATALOG_COMPILER_LAUNCHIMAGE_NAME = LaunchImage;
				CODE_SIGN_ENTITLEMENTS = GameShowApp/GameShowApp.entitlements;
				DEFINES_MODULE = NO;
				INFOPLIST_FILE = GameShowApp/Info.plist;
				LD_RUNPATH_SEARCH_PATHS = "$(inherited) @executable_path/Frameworks";
				PRODUCT_BUNDLE_IDENTIFIER = gabriel.GameShowApp;
				PRODUCT_NAME = "$(TARGET_NAME)";
			};
			name = Debug;
		};
		5E098F3B1CE3592E00F939A5 /* Release */ = {
			isa = XCBuildConfiguration;
			buildSettings = {
				ASSETCATALOG_COMPILER_APPICON_NAME = "App Icon & Top Shelf Image";
				ASSETCATALOG_COMPILER_LAUNCHIMAGE_NAME = LaunchImage;
				CODE_SIGN_ENTITLEMENTS = GameShowApp/GameShowApp.entitlements;
				DEFINES_MODULE = NO;
				INFOPLIST_FILE = GameShowApp/Info.plist;
				LD_RUNPATH_SEARCH_PATHS = "$(inherited) @executable_path/Frameworks";
				PRODUCT_BUNDLE_IDENTIFIER = gabriel.GameShowApp;
				PRODUCT_NAME = "$(TARGET_NAME)";
			};
			name = Release;
		};
/* End XCBuildConfiguration section */

/* Begin XCConfigurationList section */
		5E098F221CE3592E00F939A5 /* Build configuration list for PBXProject "GameShowApp" */ = {
			isa = XCConfigurationList;
			buildConfigurations = (
				5E098F371CE3592E00F939A5 /* Debug */,
				5E098F381CE3592E00F939A5 /* Release */,
			);
			defaultConfigurationIsVisible = 0;
			defaultConfigurationName = Release;
		};
		5E098F391CE3592E00F939A5 /* Build configuration list for PBXNativeTarget "GameShowApp" */ = {
			isa = XCConfigurationList;
			buildConfigurations = (
				5E098F3A1CE3592E00F939A5 /* Debug */,
				5E098F3B1CE3592E00F939A5 /* Release */,
			);
			defaultConfigurationIsVisible = 0;
			defaultConfigurationName = Release;
		};
/* End XCConfigurationList section */

/* Begin XCVersionGroup section */
		5E098F2E1CE3592E00F939A5 /* GameShowApp.xcdatamodeld */ = {
			isa = XCVersionGroup;
			children = (
				5E098F2F1CE3592E00F939A5 /* GameShowApp.xcdatamodel */,
			);
			currentVersion = 5E098F2F1CE3592E00F939A5 /* GameShowApp.xcdatamodel */;
			path = GameShowApp.xcdatamodeld;
			sourceTree = "<group>";
			versionGroupType = wrapper.xcdatamodel;
		};
/* End XCVersionGroup section */
	};
	rootObject = 5E098F1F1CE3592E00F939A5 /* Project object */;
}
